
Microsoft Visual Studio Solution File, Format Version 12.00
# Visual Studio Version 17
VisualStudioVersion = 17.2.32630.192
MinimumVisualStudioVersion = 10.0.40219.1
Project("{9A19103F-16F7-4668-BE54-9A1E7A4F7556}") = "OOP-Constructor-Overload", "OOP-Constructor-Overload.csproj", "{23FF6937-98D0-495F-BB71-CDB6A68D6770}"
EndProject
Global
	GlobalSection(SolutionConfigurationPlatforms) = preSolution
		Debug|Any CPU = Debug|Any CPU
		Release|Any CPU = Release|Any CPU
	EndGlobalSection
	GlobalSection(ProjectConfigurationPlatforms) = postSolution
		{23FF6937-98D0-495F-BB71-CDB6A68D6770}.Debug|Any CPU.ActiveCfg = Debug|Any CPU
		{23FF6937-98D0-495F-BB71-CDB6A68D6770}.Debug|Any CPU.Build.0 = Debug|Any CPU
		{23FF6937-98D0-495F-BB71-CDB6A68D6770}.Release|Any CPU.ActiveCfg = Release|Any CPU
		{23FF6937-98D0-495F-BB71-CDB6A68D6770}.Release|Any CPU.Build.0 = Release|Any CPU
	EndGlobalSection
	GlobalSection(SolutionProperties) = preSolution
		HideSolutionNode = FALSE
	EndGlobalSection
	GlobalSection(ExtensibilityGlobals) = postSolution
		SolutionGuid = {F3C66DEA-AA8C-45C9-B28C-21B101203F55}
	EndGlobalSection
EndGlobal
