
Microsoft Visual Studio Solution File, Format Version 12.00
# Visual Studio Version 17
VisualStudioVersion = 17.2.32630.192
MinimumVisualStudioVersion = 10.0.40219.1
Project("{FAE04EC0-301F-11D3-BF4B-00C04F79EFBC}") = "Practice", "Practice.csproj", "{9800EAD0-383A-4A40-AE94-4F78C02EBDA2}"
EndProject
Global
	GlobalSection(SolutionConfigurationPlatforms) = preSolution
		Debug|Any CPU = Debug|Any CPU
		Release|Any CPU = Release|Any CPU
	EndGlobalSection
	GlobalSection(ProjectConfigurationPlatforms) = postSolution
		{9800EAD0-383A-4A40-AE94-4F78C02EBDA2}.Debug|Any CPU.ActiveCfg = Debug|Any CPU
		{9800EAD0-383A-4A40-AE94-4F78C02EBDA2}.Debug|Any CPU.Build.0 = Debug|Any CPU
		{9800EAD0-383A-4A40-AE94-4F78C02EBDA2}.Release|Any CPU.ActiveCfg = Release|Any CPU
		{9800EAD0-383A-4A40-AE94-4F78C02EBDA2}.Release|Any CPU.Build.0 = Release|Any CPU
	EndGlobalSection
	GlobalSection(SolutionProperties) = preSolution
		HideSolutionNode = FALSE
	EndGlobalSection
	GlobalSection(ExtensibilityGlobals) = postSolution
		SolutionGuid = {A878F5C0-AC0C-477B-9E8E-BA9E9C0CE17B}
	EndGlobalSection
EndGlobal
