
Microsoft Visual Studio Solution File, Format Version 12.00
# Visual Studio Version 16
VisualStudioVersion = 16.0.32630.194
MinimumVisualStudioVersion = 10.0.40219.1
Project("{FAE04EC0-301F-11D3-BF4B-00C04F79EFBC}") = "CSharp_OOP-Abstraction", "CSharp_OOP-Abstraction.csproj", "{9F8A4977-AAA9-413D-9206-2C96378C77CE}"
EndProject
Global
	GlobalSection(SolutionConfigurationPlatforms) = preSolution
		Debug|Any CPU = Debug|Any CPU
		Release|Any CPU = Release|Any CPU
	EndGlobalSection
	GlobalSection(ProjectConfigurationPlatforms) = postSolution
		{9F8A4977-AAA9-413D-9206-2C96378C77CE}.Debug|Any CPU.ActiveCfg = Debug|Any CPU
		{9F8A4977-AAA9-413D-9206-2C96378C77CE}.Debug|Any CPU.Build.0 = Debug|Any CPU
		{9F8A4977-AAA9-413D-9206-2C96378C77CE}.Release|Any CPU.ActiveCfg = Release|Any CPU
		{9F8A4977-AAA9-413D-9206-2C96378C77CE}.Release|Any CPU.Build.0 = Release|Any CPU
	EndGlobalSection
	GlobalSection(SolutionProperties) = preSolution
		HideSolutionNode = FALSE
	EndGlobalSection
	GlobalSection(ExtensibilityGlobals) = postSolution
		SolutionGuid = {DEEBB2F6-7047-464E-89B3-9B5AEF998B92}
	EndGlobalSection
EndGlobal
