
Microsoft Visual Studio Solution File, Format Version 12.00
# Visual Studio Version 16
VisualStudioVersion = 16.0.32630.194
MinimumVisualStudioVersion = 10.0.40219.1
Project("{FAE04EC0-301F-11D3-BF4B-00C04F79EFBC}") = "CSharp_Fundamentals", "CSharp_Fundamentals.csproj", "{91B6CC6D-FC2E-4010-BD37-93A2ED895683}"
EndProject
Global
	GlobalSection(SolutionConfigurationPlatforms) = preSolution
		Debug|Any CPU = Debug|Any CPU
		Release|Any CPU = Release|Any CPU
	EndGlobalSection
	GlobalSection(ProjectConfigurationPlatforms) = postSolution
		{91B6CC6D-FC2E-4010-BD37-93A2ED895683}.Debug|Any CPU.ActiveCfg = Debug|Any CPU
		{91B6CC6D-FC2E-4010-BD37-93A2ED895683}.Debug|Any CPU.Build.0 = Debug|Any CPU
		{91B6CC6D-FC2E-4010-BD37-93A2ED895683}.Release|Any CPU.ActiveCfg = Release|Any CPU
		{91B6CC6D-FC2E-4010-BD37-93A2ED895683}.Release|Any CPU.Build.0 = Release|Any CPU
	EndGlobalSection
	GlobalSection(SolutionProperties) = preSolution
		HideSolutionNode = FALSE
	EndGlobalSection
	GlobalSection(ExtensibilityGlobals) = postSolution
		SolutionGuid = {17A5EC21-2BBB-46D5-A5EC-E0518B34F8D8}
	EndGlobalSection
EndGlobal
