
Microsoft Visual Studio Solution File, Format Version 12.00
# Visual Studio Version 17
VisualStudioVersion = 17.2.32630.192
MinimumVisualStudioVersion = 10.0.40219.1
Project("{FAE04EC0-301F-11D3-BF4B-00C04F79EFBC}") = "CSharp_Method-Functions", "CSharp_Method-Functions.csproj", "{C64A6B3A-9974-457F-846F-0B5A09EDFE74}"
EndProject
Global
	GlobalSection(SolutionConfigurationPlatforms) = preSolution
		Debug|Any CPU = Debug|Any CPU
		Release|Any CPU = Release|Any CPU
	EndGlobalSection
	GlobalSection(ProjectConfigurationPlatforms) = postSolution
		{C64A6B3A-9974-457F-846F-0B5A09EDFE74}.Debug|Any CPU.ActiveCfg = Debug|Any CPU
		{C64A6B3A-9974-457F-846F-0B5A09EDFE74}.Debug|Any CPU.Build.0 = Debug|Any CPU
		{C64A6B3A-9974-457F-846F-0B5A09EDFE74}.Release|Any CPU.ActiveCfg = Release|Any CPU
		{C64A6B3A-9974-457F-846F-0B5A09EDFE74}.Release|Any CPU.Build.0 = Release|Any CPU
	EndGlobalSection
	GlobalSection(SolutionProperties) = preSolution
		HideSolutionNode = FALSE
	EndGlobalSection
	GlobalSection(ExtensibilityGlobals) = postSolution
		SolutionGuid = {837DC620-9460-448E-8818-E6CB3C2BE898}
	EndGlobalSection
EndGlobal
