
Microsoft Visual Studio Solution File, Format Version 12.00
# Visual Studio Version 16
VisualStudioVersion = 16.0.32630.194
MinimumVisualStudioVersion = 10.0.40219.1
Project("{9A19103F-16F7-4668-BE54-9A1E7A4F7556}") = "ASPNET_Sample", "ASPNET_Sample.csproj", "{75A5745A-B1EC-4BD1-A2B4-31DB22FBDDC1}"
EndProject
Global
	GlobalSection(SolutionConfigurationPlatforms) = preSolution
		Debug|Any CPU = Debug|Any CPU
		Release|Any CPU = Release|Any CPU
	EndGlobalSection
	GlobalSection(ProjectConfigurationPlatforms) = postSolution
		{75A5745A-B1EC-4BD1-A2B4-31DB22FBDDC1}.Debug|Any CPU.ActiveCfg = Debug|Any CPU
		{75A5745A-B1EC-4BD1-A2B4-31DB22FBDDC1}.Debug|Any CPU.Build.0 = Debug|Any CPU
		{75A5745A-B1EC-4BD1-A2B4-31DB22FBDDC1}.Release|Any CPU.ActiveCfg = Release|Any CPU
		{75A5745A-B1EC-4BD1-A2B4-31DB22FBDDC1}.Release|Any CPU.Build.0 = Release|Any CPU
	EndGlobalSection
	GlobalSection(SolutionProperties) = preSolution
		HideSolutionNode = FALSE
	EndGlobalSection
	GlobalSection(ExtensibilityGlobals) = postSolution
		SolutionGuid = {DB5E64C4-843A-4C9E-B8FB-A1ADEDA06CE2}
	EndGlobalSection
EndGlobal
