
Microsoft Visual Studio Solution File, Format Version 12.00
# Visual Studio Version 17
VisualStudioVersion = 17.2.32630.192
MinimumVisualStudioVersion = 10.0.40219.1
Project("{FAE04EC0-301F-11D3-BF4B-00C04F79EFBC}") = "ASPNETCORE_CRUD", "ASPNETCORE_CRUD.csproj", "{0202A5CC-4B98-460D-A673-117195B0287A}"
EndProject
Global
	GlobalSection(SolutionConfigurationPlatforms) = preSolution
		Debug|Any CPU = Debug|Any CPU
		Release|Any CPU = Release|Any CPU
	EndGlobalSection
	GlobalSection(ProjectConfigurationPlatforms) = postSolution
		{0202A5CC-4B98-460D-A673-117195B0287A}.Debug|Any CPU.ActiveCfg = Debug|Any CPU
		{0202A5CC-4B98-460D-A673-117195B0287A}.Debug|Any CPU.Build.0 = Debug|Any CPU
		{0202A5CC-4B98-460D-A673-117195B0287A}.Release|Any CPU.ActiveCfg = Release|Any CPU
		{0202A5CC-4B98-460D-A673-117195B0287A}.Release|Any CPU.Build.0 = Release|Any CPU
	EndGlobalSection
	GlobalSection(SolutionProperties) = preSolution
		HideSolutionNode = FALSE
	EndGlobalSection
	GlobalSection(ExtensibilityGlobals) = postSolution
		SolutionGuid = {9308940D-C158-466D-9E00-DBBF5047757D}
	EndGlobalSection
EndGlobal
