
Microsoft Visual Studio Solution File, Format Version 12.00
# Visual Studio Version 17
VisualStudioVersion = 17.2.32630.192
MinimumVisualStudioVersion = 10.0.40219.1
Project("{FAE04EC0-301F-11D3-BF4B-00C04F79EFBC}") = "CSharp_OOP-Encapsulation", "CSharp_OOP-Encapsulation.csproj", "{48C2E6D3-6E53-4094-BB25-88ACDDC00E09}"
EndProject
Global
	GlobalSection(SolutionConfigurationPlatforms) = preSolution
		Debug|Any CPU = Debug|Any CPU
		Release|Any CPU = Release|Any CPU
	EndGlobalSection
	GlobalSection(ProjectConfigurationPlatforms) = postSolution
		{48C2E6D3-6E53-4094-BB25-88ACDDC00E09}.Debug|Any CPU.ActiveCfg = Debug|Any CPU
		{48C2E6D3-6E53-4094-BB25-88ACDDC00E09}.Debug|Any CPU.Build.0 = Debug|Any CPU
		{48C2E6D3-6E53-4094-BB25-88ACDDC00E09}.Release|Any CPU.ActiveCfg = Release|Any CPU
		{48C2E6D3-6E53-4094-BB25-88ACDDC00E09}.Release|Any CPU.Build.0 = Release|Any CPU
	EndGlobalSection
	GlobalSection(SolutionProperties) = preSolution
		HideSolutionNode = FALSE
	EndGlobalSection
	GlobalSection(ExtensibilityGlobals) = postSolution
		SolutionGuid = {7D21FB8A-6AAC-4072-AA4D-1F42D349830F}
	EndGlobalSection
EndGlobal
