
Microsoft Visual Studio Solution File, Format Version 12.00
# Visual Studio Version 16
VisualStudioVersion = 16.0.32630.194
MinimumVisualStudioVersion = 10.0.40219.1
Project("{FAE04EC0-301F-11D3-BF4B-00C04F79EFBC}") = "CSharp_OOP-Encapsulation", "CSharp_OOP-Encapsulation.csproj", "{8992B05D-119C-4CA6-9376-ECB2E0C8D482}"
EndProject
Global
	GlobalSection(SolutionConfigurationPlatforms) = preSolution
		Debug|Any CPU = Debug|Any CPU
		Release|Any CPU = Release|Any CPU
	EndGlobalSection
	GlobalSection(ProjectConfigurationPlatforms) = postSolution
		{8992B05D-119C-4CA6-9376-ECB2E0C8D482}.Debug|Any CPU.ActiveCfg = Debug|Any CPU
		{8992B05D-119C-4CA6-9376-ECB2E0C8D482}.Debug|Any CPU.Build.0 = Debug|Any CPU
		{8992B05D-119C-4CA6-9376-ECB2E0C8D482}.Release|Any CPU.ActiveCfg = Release|Any CPU
		{8992B05D-119C-4CA6-9376-ECB2E0C8D482}.Release|Any CPU.Build.0 = Release|Any CPU
	EndGlobalSection
	GlobalSection(SolutionProperties) = preSolution
		HideSolutionNode = FALSE
	EndGlobalSection
	GlobalSection(ExtensibilityGlobals) = postSolution
		SolutionGuid = {AE80F77F-E113-46E5-9DFD-66E31D51A215}
	EndGlobalSection
EndGlobal
