
Microsoft Visual Studio Solution File, Format Version 12.00
# Visual Studio Version 16
VisualStudioVersion = 16.0.32630.194
MinimumVisualStudioVersion = 10.0.40219.1
Project("{FAE04EC0-301F-11D3-BF4B-00C04F79EFBC}") = "CSharp_Classes", "CSharp_Classes.csproj", "{474A60AC-3410-4E18-8AB8-942786EE6A45}"
EndProject
Global
	GlobalSection(SolutionConfigurationPlatforms) = preSolution
		Debug|Any CPU = Debug|Any CPU
		Release|Any CPU = Release|Any CPU
	EndGlobalSection
	GlobalSection(ProjectConfigurationPlatforms) = postSolution
		{474A60AC-3410-4E18-8AB8-942786EE6A45}.Debug|Any CPU.ActiveCfg = Debug|Any CPU
		{474A60AC-3410-4E18-8AB8-942786EE6A45}.Debug|Any CPU.Build.0 = Debug|Any CPU
		{474A60AC-3410-4E18-8AB8-942786EE6A45}.Release|Any CPU.ActiveCfg = Release|Any CPU
		{474A60AC-3410-4E18-8AB8-942786EE6A45}.Release|Any CPU.Build.0 = Release|Any CPU
	EndGlobalSection
	GlobalSection(SolutionProperties) = preSolution
		HideSolutionNode = FALSE
	EndGlobalSection
	GlobalSection(ExtensibilityGlobals) = postSolution
		SolutionGuid = {B84BC37B-0141-4AD4-9F0F-412C7B5F522C}
	EndGlobalSection
EndGlobal
