
Microsoft Visual Studio Solution File, Format Version 12.00
# Visual Studio Version 17
VisualStudioVersion = 17.2.32630.192
MinimumVisualStudioVersion = 10.0.40219.1
Project("{9A19103F-16F7-4668-BE54-9A1E7A4F7556}") = "OOP-Abstraction", "OOP-Abstraction.csproj", "{7A32FB5F-5CDD-4FEC-BE0A-03D91D714FBD}"
EndProject
Global
	GlobalSection(SolutionConfigurationPlatforms) = preSolution
		Debug|Any CPU = Debug|Any CPU
		Release|Any CPU = Release|Any CPU
	EndGlobalSection
	GlobalSection(ProjectConfigurationPlatforms) = postSolution
		{7A32FB5F-5CDD-4FEC-BE0A-03D91D714FBD}.Debug|Any CPU.ActiveCfg = Debug|Any CPU
		{7A32FB5F-5CDD-4FEC-BE0A-03D91D714FBD}.Debug|Any CPU.Build.0 = Debug|Any CPU
		{7A32FB5F-5CDD-4FEC-BE0A-03D91D714FBD}.Release|Any CPU.ActiveCfg = Release|Any CPU
		{7A32FB5F-5CDD-4FEC-BE0A-03D91D714FBD}.Release|Any CPU.Build.0 = Release|Any CPU
	EndGlobalSection
	GlobalSection(SolutionProperties) = preSolution
		HideSolutionNode = FALSE
	EndGlobalSection
	GlobalSection(ExtensibilityGlobals) = postSolution
		SolutionGuid = {C0621A12-6D08-4025-976F-2CC7562E3B58}
	EndGlobalSection
EndGlobal
