
Microsoft Visual Studio Solution File, Format Version 12.00
# Visual Studio Version 17
VisualStudioVersion = 17.2.32630.192
MinimumVisualStudioVersion = 10.0.40219.1
Project("{FAE04EC0-301F-11D3-BF4B-00C04F79EFBC}") = "CSharp_OOP-Constructors", "CSharp_OOP-Constructors.csproj", "{620A5BFA-55CA-44F5-85D8-B93838E553C6}"
EndProject
Global
	GlobalSection(SolutionConfigurationPlatforms) = preSolution
		Debug|Any CPU = Debug|Any CPU
		Release|Any CPU = Release|Any CPU
	EndGlobalSection
	GlobalSection(ProjectConfigurationPlatforms) = postSolution
		{620A5BFA-55CA-44F5-85D8-B93838E553C6}.Debug|Any CPU.ActiveCfg = Debug|Any CPU
		{620A5BFA-55CA-44F5-85D8-B93838E553C6}.Debug|Any CPU.Build.0 = Debug|Any CPU
		{620A5BFA-55CA-44F5-85D8-B93838E553C6}.Release|Any CPU.ActiveCfg = Release|Any CPU
		{620A5BFA-55CA-44F5-85D8-B93838E553C6}.Release|Any CPU.Build.0 = Release|Any CPU
	EndGlobalSection
	GlobalSection(SolutionProperties) = preSolution
		HideSolutionNode = FALSE
	EndGlobalSection
	GlobalSection(ExtensibilityGlobals) = postSolution
		SolutionGuid = {E48AC6E3-358C-428B-B1ED-3B412FC53C9B}
	EndGlobalSection
EndGlobal
