
Microsoft Visual Studio Solution File, Format Version 12.00
# Visual Studio Version 17
VisualStudioVersion = 17.2.32630.192
MinimumVisualStudioVersion = 10.0.40219.1
Project("{FAE04EC0-301F-11D3-BF4B-00C04F79EFBC}") = "AspNet_MVC-CRUD", "AspNet_MVC-CRUD.csproj", "{016DC7EA-DDC4-40DC-952E-8A75B2752416}"
EndProject
Global
	GlobalSection(SolutionConfigurationPlatforms) = preSolution
		Debug|Any CPU = Debug|Any CPU
		Release|Any CPU = Release|Any CPU
	EndGlobalSection
	GlobalSection(ProjectConfigurationPlatforms) = postSolution
		{016DC7EA-DDC4-40DC-952E-8A75B2752416}.Debug|Any CPU.ActiveCfg = Debug|Any CPU
		{016DC7EA-DDC4-40DC-952E-8A75B2752416}.Debug|Any CPU.Build.0 = Debug|Any CPU
		{016DC7EA-DDC4-40DC-952E-8A75B2752416}.Release|Any CPU.ActiveCfg = Release|Any CPU
		{016DC7EA-DDC4-40DC-952E-8A75B2752416}.Release|Any CPU.Build.0 = Release|Any CPU
	EndGlobalSection
	GlobalSection(SolutionProperties) = preSolution
		HideSolutionNode = FALSE
	EndGlobalSection
	GlobalSection(ExtensibilityGlobals) = postSolution
		SolutionGuid = {FB255471-D755-4597-88C3-CF9F98494BEF}
	EndGlobalSection
EndGlobal
