
Microsoft Visual Studio Solution File, Format Version 12.00
# Visual Studio Version 17
VisualStudioVersion = 17.0.32014.148
MinimumVisualStudioVersion = 10.0.40219.1
Project("{FAE04EC0-301F-11D3-BF4B-00C04F79EFBC}") = "Simple Todo List", "Simple Todo List.csproj", "{829F7727-AB59-49EF-8BB8-BC61FD98DEFE}"
EndProject
Global
	GlobalSection(SolutionConfigurationPlatforms) = preSolution
		Debug|Any CPU = Debug|Any CPU
		Release|Any CPU = Release|Any CPU
	EndGlobalSection
	GlobalSection(ProjectConfigurationPlatforms) = postSolution
		{829F7727-AB59-49EF-8BB8-BC61FD98DEFE}.Debug|Any CPU.ActiveCfg = Debug|Any CPU
		{829F7727-AB59-49EF-8BB8-BC61FD98DEFE}.Debug|Any CPU.Build.0 = Debug|Any CPU
		{829F7727-AB59-49EF-8BB8-BC61FD98DEFE}.Release|Any CPU.ActiveCfg = Release|Any CPU
		{829F7727-AB59-49EF-8BB8-BC61FD98DEFE}.Release|Any CPU.Build.0 = Release|Any CPU
	EndGlobalSection
	GlobalSection(SolutionProperties) = preSolution
		HideSolutionNode = FALSE
	EndGlobalSection
	GlobalSection(ExtensibilityGlobals) = postSolution
		SolutionGuid = {538D7364-EBE6-45A7-9020-FAE2D6713E13}
	EndGlobalSection
EndGlobal
