
Microsoft Visual Studio Solution File, Format Version 12.00
# Visual Studio Version 17
VisualStudioVersion = 17.2.32630.192
MinimumVisualStudioVersion = 10.0.40219.1
Project("{FAE04EC0-301F-11D3-BF4B-00C04F79EFBC}") = "TodoNote", "TodoNote.csproj", "{AAEAD14B-D98B-4213-865D-4F2A6392C87E}"
EndProject
Global
	GlobalSection(SolutionConfigurationPlatforms) = preSolution
		Debug|Any CPU = Debug|Any CPU
		Release|Any CPU = Release|Any CPU
	EndGlobalSection
	GlobalSection(ProjectConfigurationPlatforms) = postSolution
		{AAEAD14B-D98B-4213-865D-4F2A6392C87E}.Debug|Any CPU.ActiveCfg = Debug|Any CPU
		{AAEAD14B-D98B-4213-865D-4F2A6392C87E}.Debug|Any CPU.Build.0 = Debug|Any CPU
		{AAEAD14B-D98B-4213-865D-4F2A6392C87E}.Release|Any CPU.ActiveCfg = Release|Any CPU
		{AAEAD14B-D98B-4213-865D-4F2A6392C87E}.Release|Any CPU.Build.0 = Release|Any CPU
	EndGlobalSection
	GlobalSection(SolutionProperties) = preSolution
		HideSolutionNode = FALSE
	EndGlobalSection
	GlobalSection(ExtensibilityGlobals) = postSolution
		SolutionGuid = {5ABE9129-9D37-4971-A39F-1F63F418B641}
	EndGlobalSection
EndGlobal
