
Microsoft Visual Studio Solution File, Format Version 12.00
# Visual Studio Version 16
VisualStudioVersion = 16.0.32630.194
MinimumVisualStudioVersion = 10.0.40219.1
Project("{FAE04EC0-301F-11D3-BF4B-00C04F79EFBC}") = "CSharp-OOP-Constructors", "CSharp-OOP-Constructors.csproj", "{0FFCCA4B-0E06-46A2-A470-ED1B4F77120C}"
EndProject
Global
	GlobalSection(SolutionConfigurationPlatforms) = preSolution
		Debug|Any CPU = Debug|Any CPU
		Release|Any CPU = Release|Any CPU
	EndGlobalSection
	GlobalSection(ProjectConfigurationPlatforms) = postSolution
		{0FFCCA4B-0E06-46A2-A470-ED1B4F77120C}.Debug|Any CPU.ActiveCfg = Debug|Any CPU
		{0FFCCA4B-0E06-46A2-A470-ED1B4F77120C}.Debug|Any CPU.Build.0 = Debug|Any CPU
		{0FFCCA4B-0E06-46A2-A470-ED1B4F77120C}.Release|Any CPU.ActiveCfg = Release|Any CPU
		{0FFCCA4B-0E06-46A2-A470-ED1B4F77120C}.Release|Any CPU.Build.0 = Release|Any CPU
	EndGlobalSection
	GlobalSection(SolutionProperties) = preSolution
		HideSolutionNode = FALSE
	EndGlobalSection
	GlobalSection(ExtensibilityGlobals) = postSolution
		SolutionGuid = {259A72F0-CD90-490F-BC27-0335AE8862FA}
	EndGlobalSection
EndGlobal
