
Microsoft Visual Studio Solution File, Format Version 12.00
# Visual Studio Version 17
VisualStudioVersion = 17.2.32630.192
MinimumVisualStudioVersion = 10.0.40219.1
Project("{9A19103F-16F7-4668-BE54-9A1E7A4F7556}") = "OOP-Polymorphism", "OOP-Polymorphism.csproj", "{328FEC06-7D7B-408C-B5B6-928FF5F8BCB1}"
EndProject
Global
	GlobalSection(SolutionConfigurationPlatforms) = preSolution
		Debug|Any CPU = Debug|Any CPU
		Release|Any CPU = Release|Any CPU
	EndGlobalSection
	GlobalSection(ProjectConfigurationPlatforms) = postSolution
		{328FEC06-7D7B-408C-B5B6-928FF5F8BCB1}.Debug|Any CPU.ActiveCfg = Debug|Any CPU
		{328FEC06-7D7B-408C-B5B6-928FF5F8BCB1}.Debug|Any CPU.Build.0 = Debug|Any CPU
		{328FEC06-7D7B-408C-B5B6-928FF5F8BCB1}.Release|Any CPU.ActiveCfg = Release|Any CPU
		{328FEC06-7D7B-408C-B5B6-928FF5F8BCB1}.Release|Any CPU.Build.0 = Release|Any CPU
	EndGlobalSection
	GlobalSection(SolutionProperties) = preSolution
		HideSolutionNode = FALSE
	EndGlobalSection
	GlobalSection(ExtensibilityGlobals) = postSolution
		SolutionGuid = {079D155B-4C58-41AE-9EF7-CC2618DA52AC}
	EndGlobalSection
EndGlobal
